
Microsoft Visual Studio Solution File, Format Version 12.00
# Visual Studio Version 16
VisualStudioVersion = 16.0.29806.167
MinimumVisualStudioVersion = 10.0.40219.1
Project("{FAE04EC0-301F-11D3-BF4B-00C04F79EFBC}") = "Task1", "Practice\Task1.csproj", "{4BD9C314-4AA5-4121-BF28-C77F51BC03F9}"
EndProject
Project("{FAE04EC0-301F-11D3-BF4B-00C04F79EFBC}") = "Task2", "Task2\Task2.csproj", "{ABEF5AAD-A1A0-440A-88B0-8C2B7DB879FE}"
EndProject
Project("{FAE04EC0-301F-11D3-BF4B-00C04F79EFBC}") = "Task3", "Task3\Task3.csproj", "{BE37F660-2D1F-4626-B507-60CCD174D276}"
EndProject
Project("{FAE04EC0-301F-11D3-BF4B-00C04F79EFBC}") = "Task3_UnitTests", "Task3_UnitTests\Task3_UnitTests.csproj", "{6AA4E3DC-3D8D-4C77-86A8-34D14038F172}"
EndProject
Project("{FAE04EC0-301F-11D3-BF4B-00C04F79EFBC}") = "Task4", "Task4\Task4.csproj", "{C6759414-4E98-4DE6-8D46-7C4E9101730D}"
EndProject
Project("{FAE04EC0-301F-11D3-BF4B-00C04F79EFBC}") = "Task5_App", "Task5_App\Task5_App.csproj", "{51EB8815-2E50-4790-883E-EA8B00E82BF5}"
EndProject
Project("{FAE04EC0-301F-11D3-BF4B-00C04F79EFBC}") = "Task5", "Task5\Task5.csproj", "{7E54CAF1-0964-42B3-92E4-56C686CC4840}"
EndProject
Project("{FAE04EC0-301F-11D3-BF4B-00C04F79EFBC}") = "Task5_UnitTests", "Task5_UnitTests\Task5_UnitTests.csproj", "{6CED483D-D9B1-44DF-AD8A-1D9954E5BCDA}"
EndProject
Project("{FAE04EC0-301F-11D3-BF4B-00C04F79EFBC}") = "Task6", "Task6\Task6.csproj", "{1F8796A5-CAD5-4A95-8AB0-0717C56EB2E6}"
EndProject
Project("{FAE04EC0-301F-11D3-BF4B-00C04F79EFBC}") = "Task6_UnitTests", "Task6_UnitTests\Task6_UnitTests.csproj", "{1F0876F4-5928-4A7D-8BF0-38233F62A5DF}"
EndProject
Project("{FAE04EC0-301F-11D3-BF4B-00C04F79EFBC}") = "Task7", "Task7\Task7.csproj", "{233987D8-25D1-4B83-856F-FB4CA330F284}"
EndProject
Project("{FAE04EC0-301F-11D3-BF4B-00C04F79EFBC}") = "Task7_UnitTests", "Task7_UnitTests\Task7_UnitTests.csproj", "{9BC1E8C7-F8B1-4E0B-B4C2-853723531933}"
EndProject
Project("{FAE04EC0-301F-11D3-BF4B-00C04F79EFBC}") = "Task8", "Task8\Task8.csproj", "{B8343482-F8B0-4961-948A-BB3F26552CDB}"
EndProject
Project("{FAE04EC0-301F-11D3-BF4B-00C04F79EFBC}") = "Task9", "Task9\Task9.csproj", "{A5B2A2B6-F15A-4EAE-80B6-FD2BD7163A75}"
EndProject
Project("{FAE04EC0-301F-11D3-BF4B-00C04F79EFBC}") = "Task10", "Task10\Task10.csproj", "{12B2F733-8A19-43DB-873D-A04B9E394C1B}"
EndProject
Project("{FAE04EC0-301F-11D3-BF4B-00C04F79EFBC}") = "Task11", "Task11\Task11.csproj", "{2FEA653C-A7BB-49A3-93F3-E9834B17EC58}"
EndProject
Project("{FAE04EC0-301F-11D3-BF4B-00C04F79EFBC}") = "Task12", "Task12\Task12.csproj", "{0FC710F6-20B7-4025-B295-2A7A8D27D876}"
EndProject
Project("{FAE04EC0-301F-11D3-BF4B-00C04F79EFBC}") = "Task4_App", "Task4_App\Task4_App.csproj", "{24C2CFC0-C7BE-4865-8ADB-A88217D61D0F}"
EndProject
Global
	GlobalSection(SolutionConfigurationPlatforms) = preSolution
		Debug|Any CPU = Debug|Any CPU
		Release|Any CPU = Release|Any CPU
	EndGlobalSection
	GlobalSection(ProjectConfigurationPlatforms) = postSolution
		{4BD9C314-4AA5-4121-BF28-C77F51BC03F9}.Debug|Any CPU.ActiveCfg = Debug|Any CPU
		{4BD9C314-4AA5-4121-BF28-C77F51BC03F9}.Debug|Any CPU.Build.0 = Debug|Any CPU
		{4BD9C314-4AA5-4121-BF28-C77F51BC03F9}.Release|Any CPU.ActiveCfg = Release|Any CPU
		{4BD9C314-4AA5-4121-BF28-C77F51BC03F9}.Release|Any CPU.Build.0 = Release|Any CPU
		{ABEF5AAD-A1A0-440A-88B0-8C2B7DB879FE}.Debug|Any CPU.ActiveCfg = Debug|Any CPU
		{ABEF5AAD-A1A0-440A-88B0-8C2B7DB879FE}.Debug|Any CPU.Build.0 = Debug|Any CPU
		{ABEF5AAD-A1A0-440A-88B0-8C2B7DB879FE}.Release|Any CPU.ActiveCfg = Release|Any CPU
		{ABEF5AAD-A1A0-440A-88B0-8C2B7DB879FE}.Release|Any CPU.Build.0 = Release|Any CPU
		{BE37F660-2D1F-4626-B507-60CCD174D276}.Debug|Any CPU.ActiveCfg = Debug|Any CPU
		{BE37F660-2D1F-4626-B507-60CCD174D276}.Debug|Any CPU.Build.0 = Debug|Any CPU
		{BE37F660-2D1F-4626-B507-60CCD174D276}.Release|Any CPU.ActiveCfg = Release|Any CPU
		{BE37F660-2D1F-4626-B507-60CCD174D276}.Release|Any CPU.Build.0 = Release|Any CPU
		{6AA4E3DC-3D8D-4C77-86A8-34D14038F172}.Debug|Any CPU.ActiveCfg = Debug|Any CPU
		{6AA4E3DC-3D8D-4C77-86A8-34D14038F172}.Debug|Any CPU.Build.0 = Debug|Any CPU
		{6AA4E3DC-3D8D-4C77-86A8-34D14038F172}.Release|Any CPU.ActiveCfg = Release|Any CPU
		{6AA4E3DC-3D8D-4C77-86A8-34D14038F172}.Release|Any CPU.Build.0 = Release|Any CPU
		{C6759414-4E98-4DE6-8D46-7C4E9101730D}.Debug|Any CPU.ActiveCfg = Debug|Any CPU
		{C6759414-4E98-4DE6-8D46-7C4E9101730D}.Debug|Any CPU.Build.0 = Debug|Any CPU
		{C6759414-4E98-4DE6-8D46-7C4E9101730D}.Release|Any CPU.ActiveCfg = Release|Any CPU
		{C6759414-4E98-4DE6-8D46-7C4E9101730D}.Release|Any CPU.Build.0 = Release|Any CPU
		{51EB8815-2E50-4790-883E-EA8B00E82BF5}.Debug|Any CPU.ActiveCfg = Debug|Any CPU
		{51EB8815-2E50-4790-883E-EA8B00E82BF5}.Debug|Any CPU.Build.0 = Debug|Any CPU
		{51EB8815-2E50-4790-883E-EA8B00E82BF5}.Release|Any CPU.ActiveCfg = Release|Any CPU
		{51EB8815-2E50-4790-883E-EA8B00E82BF5}.Release|Any CPU.Build.0 = Release|Any CPU
		{7E54CAF1-0964-42B3-92E4-56C686CC4840}.Debug|Any CPU.ActiveCfg = Debug|Any CPU
		{7E54CAF1-0964-42B3-92E4-56C686CC4840}.Debug|Any CPU.Build.0 = Debug|Any CPU
		{7E54CAF1-0964-42B3-92E4-56C686CC4840}.Release|Any CPU.ActiveCfg = Release|Any CPU
		{7E54CAF1-0964-42B3-92E4-56C686CC4840}.Release|Any CPU.Build.0 = Release|Any CPU
		{6CED483D-D9B1-44DF-AD8A-1D9954E5BCDA}.Debug|Any CPU.ActiveCfg = Debug|Any CPU
		{6CED483D-D9B1-44DF-AD8A-1D9954E5BCDA}.Debug|Any CPU.Build.0 = Debug|Any CPU
		{6CED483D-D9B1-44DF-AD8A-1D9954E5BCDA}.Release|Any CPU.ActiveCfg = Release|Any CPU
		{6CED483D-D9B1-44DF-AD8A-1D9954E5BCDA}.Release|Any CPU.Build.0 = Release|Any CPU
		{1F8796A5-CAD5-4A95-8AB0-0717C56EB2E6}.Debug|Any CPU.ActiveCfg = Debug|Any CPU
		{1F8796A5-CAD5-4A95-8AB0-0717C56EB2E6}.Debug|Any CPU.Build.0 = Debug|Any CPU
		{1F8796A5-CAD5-4A95-8AB0-0717C56EB2E6}.Release|Any CPU.ActiveCfg = Release|Any CPU
		{1F8796A5-CAD5-4A95-8AB0-0717C56EB2E6}.Release|Any CPU.Build.0 = Release|Any CPU
		{1F0876F4-5928-4A7D-8BF0-38233F62A5DF}.Debug|Any CPU.ActiveCfg = Debug|Any CPU
		{1F0876F4-5928-4A7D-8BF0-38233F62A5DF}.Debug|Any CPU.Build.0 = Debug|Any CPU
		{1F0876F4-5928-4A7D-8BF0-38233F62A5DF}.Release|Any CPU.ActiveCfg = Release|Any CPU
		{1F0876F4-5928-4A7D-8BF0-38233F62A5DF}.Release|Any CPU.Build.0 = Release|Any CPU
		{233987D8-25D1-4B83-856F-FB4CA330F284}.Debug|Any CPU.ActiveCfg = Debug|Any CPU
		{233987D8-25D1-4B83-856F-FB4CA330F284}.Debug|Any CPU.Build.0 = Debug|Any CPU
		{233987D8-25D1-4B83-856F-FB4CA330F284}.Release|Any CPU.ActiveCfg = Release|Any CPU
		{233987D8-25D1-4B83-856F-FB4CA330F284}.Release|Any CPU.Build.0 = Release|Any CPU
		{9BC1E8C7-F8B1-4E0B-B4C2-853723531933}.Debug|Any CPU.ActiveCfg = Debug|Any CPU
		{9BC1E8C7-F8B1-4E0B-B4C2-853723531933}.Debug|Any CPU.Build.0 = Debug|Any CPU
		{9BC1E8C7-F8B1-4E0B-B4C2-853723531933}.Release|Any CPU.ActiveCfg = Release|Any CPU
		{9BC1E8C7-F8B1-4E0B-B4C2-853723531933}.Release|Any CPU.Build.0 = Release|Any CPU
		{B8343482-F8B0-4961-948A-BB3F26552CDB}.Debug|Any CPU.ActiveCfg = Debug|Any CPU
		{B8343482-F8B0-4961-948A-BB3F26552CDB}.Debug|Any CPU.Build.0 = Debug|Any CPU
		{B8343482-F8B0-4961-948A-BB3F26552CDB}.Release|Any CPU.ActiveCfg = Release|Any CPU
		{B8343482-F8B0-4961-948A-BB3F26552CDB}.Release|Any CPU.Build.0 = Release|Any CPU
		{A5B2A2B6-F15A-4EAE-80B6-FD2BD7163A75}.Debug|Any CPU.ActiveCfg = Debug|Any CPU
		{A5B2A2B6-F15A-4EAE-80B6-FD2BD7163A75}.Debug|Any CPU.Build.0 = Debug|Any CPU
		{A5B2A2B6-F15A-4EAE-80B6-FD2BD7163A75}.Release|Any CPU.ActiveCfg = Release|Any CPU
		{A5B2A2B6-F15A-4EAE-80B6-FD2BD7163A75}.Release|Any CPU.Build.0 = Release|Any CPU
		{12B2F733-8A19-43DB-873D-A04B9E394C1B}.Debug|Any CPU.ActiveCfg = Debug|Any CPU
		{12B2F733-8A19-43DB-873D-A04B9E394C1B}.Debug|Any CPU.Build.0 = Debug|Any CPU
		{12B2F733-8A19-43DB-873D-A04B9E394C1B}.Release|Any CPU.ActiveCfg = Release|Any CPU
		{12B2F733-8A19-43DB-873D-A04B9E394C1B}.Release|Any CPU.Build.0 = Release|Any CPU
		{2FEA653C-A7BB-49A3-93F3-E9834B17EC58}.Debug|Any CPU.ActiveCfg = Debug|Any CPU
		{2FEA653C-A7BB-49A3-93F3-E9834B17EC58}.Debug|Any CPU.Build.0 = Debug|Any CPU
		{2FEA653C-A7BB-49A3-93F3-E9834B17EC58}.Release|Any CPU.ActiveCfg = Release|Any CPU
		{2FEA653C-A7BB-49A3-93F3-E9834B17EC58}.Release|Any CPU.Build.0 = Release|Any CPU
		{0FC710F6-20B7-4025-B295-2A7A8D27D876}.Debug|Any CPU.ActiveCfg = Debug|Any CPU
		{0FC710F6-20B7-4025-B295-2A7A8D27D876}.Debug|Any CPU.Build.0 = Debug|Any CPU
		{0FC710F6-20B7-4025-B295-2A7A8D27D876}.Release|Any CPU.ActiveCfg = Release|Any CPU
		{0FC710F6-20B7-4025-B295-2A7A8D27D876}.Release|Any CPU.Build.0 = Release|Any CPU
		{24C2CFC0-C7BE-4865-8ADB-A88217D61D0F}.Debug|Any CPU.ActiveCfg = Debug|Any CPU
		{24C2CFC0-C7BE-4865-8ADB-A88217D61D0F}.Debug|Any CPU.Build.0 = Debug|Any CPU
		{24C2CFC0-C7BE-4865-8ADB-A88217D61D0F}.Release|Any CPU.ActiveCfg = Release|Any CPU
		{24C2CFC0-C7BE-4865-8ADB-A88217D61D0F}.Release|Any CPU.Build.0 = Release|Any CPU
	EndGlobalSection
	GlobalSection(SolutionProperties) = preSolution
		HideSolutionNode = FALSE
	EndGlobalSection
	GlobalSection(ExtensibilityGlobals) = postSolution
		SolutionGuid = {0C7D1811-CB4D-4BE6-A29E-C86569F332C3}
	EndGlobalSection
EndGlobal
